
Microsoft Visual Studio Solution File, Format Version 12.00
# Visual Studio Version 16
VisualStudioVersion = 16.0.30225.117
MinimumVisualStudioVersion = 10.0.40219.1
Project("{9A19103F-16F7-4668-BE54-9A1E7A4F7556}") = "Ecomerce", "Ecomerce\Ecomerce.csproj", "{D5CB2A60-F195-43EE-B6D1-DF9FBC1B620C}"
EndProject
Project("{9A19103F-16F7-4668-BE54-9A1E7A4F7556}") = "Api", "Api\Api.csproj", "{0ED63F77-9D74-4FF4-B4FE-A492B9F7CEF3}"
EndProject
Global
	GlobalSection(SolutionConfigurationPlatforms) = preSolution
		Debug|Any CPU = Debug|Any CPU
		Release|Any CPU = Release|Any CPU
	EndGlobalSection
	GlobalSection(ProjectConfigurationPlatforms) = postSolution
		{D5CB2A60-F195-43EE-B6D1-DF9FBC1B620C}.Debug|Any CPU.ActiveCfg = Debug|Any CPU
		{D5CB2A60-F195-43EE-B6D1-DF9FBC1B620C}.Debug|Any CPU.Build.0 = Debug|Any CPU
		{D5CB2A60-F195-43EE-B6D1-DF9FBC1B620C}.Release|Any CPU.ActiveCfg = Release|Any CPU
		{D5CB2A60-F195-43EE-B6D1-DF9FBC1B620C}.Release|Any CPU.Build.0 = Release|Any CPU
		{0ED63F77-9D74-4FF4-B4FE-A492B9F7CEF3}.Debug|Any CPU.ActiveCfg = Debug|Any CPU
		{0ED63F77-9D74-4FF4-B4FE-A492B9F7CEF3}.Debug|Any CPU.Build.0 = Debug|Any CPU
		{0ED63F77-9D74-4FF4-B4FE-A492B9F7CEF3}.Release|Any CPU.ActiveCfg = Release|Any CPU
		{0ED63F77-9D74-4FF4-B4FE-A492B9F7CEF3}.Release|Any CPU.Build.0 = Release|Any CPU
	EndGlobalSection
	GlobalSection(SolutionProperties) = preSolution
		HideSolutionNode = FALSE
	EndGlobalSection
	GlobalSection(ExtensibilityGlobals) = postSolution
		SolutionGuid = {E34E3D58-494F-4436-9B20-DC6A7C63C7FD}
	EndGlobalSection
EndGlobal
